{
  "version": 4,
  "terraform_version": "0.12.12",
  "serial": 17,
  "lineage": "90793019-8884-2b88-29d8-f44763ebaa08",
  "outputs": {
    "broker_public_dns": {
      "value": [
        [
          "0",
          "1",
          "2"
        ],
        [
          "ec2-34-221-165-149.us-west-2.compute.amazonaws.com",
          "ec2-54-187-178-63.us-west-2.compute.amazonaws.com",
          "ec2-34-218-251-46.us-west-2.compute.amazonaws.com"
        ]
      ],
      "type": [
        "tuple",
        [
          [
            "tuple",
            [
              "string",
              "string",
              "string"
            ]
          ],
          [
            "tuple",
            [
              "string",
              "string",
              "string"
            ]
          ]
        ]
      ]
    },
    "connect_public_dns": {
      "value": [
        [
          "ec2-18-236-72-32.us-west-2.compute.amazonaws.com"
        ]
      ],
      "type": [
        "tuple",
        [
          [
            "tuple",
            [
              "string"
            ]
          ]
        ]
      ]
    },
    "control_center_public_dns": {
      "value": [
        [
          "ec2-18-237-81-247.us-west-2.compute.amazonaws.com"
        ]
      ],
      "type": [
        "tuple",
        [
          [
            "tuple",
            [
              "string"
            ]
          ]
        ]
      ]
    },
    "rest_public_dns": {
      "value": [
        [
          "ec2-34-219-77-37.us-west-2.compute.amazonaws.com"
        ]
      ],
      "type": [
        "tuple",
        [
          [
            "tuple",
            [
              "string"
            ]
          ]
        ]
      ]
    },
    "schema_public_dns": {
      "value": [
        [
          "ec2-54-213-58-151.us-west-2.compute.amazonaws.com"
        ]
      ],
      "type": [
        "tuple",
        [
          [
            "tuple",
            [
              "string"
            ]
          ]
        ]
      ]
    },
    "zookeeper_public_dns": {
      "value": [
        [
          "ec2-52-24-88-51.us-west-2.compute.amazonaws.com",
          "ec2-52-26-32-21.us-west-2.compute.amazonaws.com",
          "ec2-18-237-83-227.us-west-2.compute.amazonaws.com"
        ]
      ],
      "type": [
        "tuple",
        [
          [
            "tuple",
            [
              "string",
              "string",
              "string"
            ]
          ]
        ]
      ]
    }
  },
  "resources": [
    {
      "mode": "data",
      "type": "aws_ami",
      "name": "centos",
      "provider": "provider.aws",
      "instances": [
        {
          "schema_version": 0,
          "attributes": {
            "architecture": "x86_64",
            "block_device_mappings": [
              {
                "device_name": "/dev/sda1",
                "ebs": {
                  "delete_on_termination": "false",
                  "encrypted": "false",
                  "iops": "0",
                  "snapshot_id": "snap-040d21883a90fad29",
                  "volume_size": "8",
                  "volume_type": "gp2"
                },
                "no_device": "",
                "virtual_name": ""
              }
            ],
            "creation_date": "2019-01-30T23:43:37.000Z",
            "description": "CentOS Linux 7 x86_64 HVM EBS ENA 1901_01",
            "executable_users": null,
            "filter": [
              {
                "name": "architecture",
                "values": [
                  "x86_64"
                ]
              },
              {
                "name": "name",
                "values": [
                  "CentOS Linux 7 x86_64 HVM EBS *"
                ]
              },
              {
                "name": "root-device-type",
                "values": [
                  "ebs"
                ]
              }
            ],
            "hypervisor": "xen",
            "id": "ami-01ed306a12b7d1c96",
            "image_id": "ami-01ed306a12b7d1c96",
            "image_location": "aws-marketplace/CentOS Linux 7 x86_64 HVM EBS ENA 1901_01-b7ee8a69-ee97-4a49-9e68-afaee216db2e-ami-05713873c6794f575.4",
            "image_owner_alias": "aws-marketplace",
            "image_type": "machine",
            "kernel_id": null,
            "most_recent": true,
            "name": "CentOS Linux 7 x86_64 HVM EBS ENA 1901_01-b7ee8a69-ee97-4a49-9e68-afaee216db2e-ami-05713873c6794f575.4",
            "name_regex": null,
            "owner_id": "679593333241",
            "owners": [
              "679593333241"
            ],
            "platform": null,
            "product_codes": [
              {
                "product_code_id": "aw0evgkw8e5c1q413zgy5pjce",
                "product_code_type": "marketplace"
              }
            ],
            "public": true,
            "ramdisk_id": null,
            "root_device_name": "/dev/sda1",
            "root_device_type": "ebs",
            "root_snapshot_id": "snap-040d21883a90fad29",
            "sriov_net_support": "simple",
            "state": "available",
            "state_reason": {
              "code": "UNSET",
              "message": "UNSET"
            },
            "tags": {},
            "virtualization_type": "hvm"
          }
        }
      ]
    },
    {
      "mode": "data",
      "type": "aws_availability_zones",
      "name": "available",
      "provider": "provider.aws",
      "instances": [
        {
          "schema_version": 0,
          "attributes": {
            "blacklisted_names": null,
            "blacklisted_zone_ids": null,
            "id": "2019-12-04 18:33:23.662848 +0000 UTC",
            "names": [
              "us-west-2a",
              "us-west-2b",
              "us-west-2c",
              "us-west-2d"
            ],
            "state": "available",
            "zone_ids": [
              "usw2-az1",
              "usw2-az2",
              "usw2-az3",
              "usw2-az4"
            ]
          }
        }
      ]
    },
    {
      "mode": "managed",
      "type": "aws_instance",
      "name": "brokers",
      "each": "list",
      "provider": "provider.aws",
      "instances": [
        {
          "index_key": 0,
          "schema_version": 1,
          "attributes": {
            "ami": "ami-01ed306a12b7d1c96",
            "arn": "arn:aws:ec2:us-west-2:492737776546:instance/i-0ecfc96053fac398f",
            "associate_public_ip_address": true,
            "availability_zone": "us-west-2a",
            "cpu_core_count": 1,
            "cpu_threads_per_core": 2,
            "credit_specification": [
              {
                "cpu_credits": "unlimited"
              }
            ],
            "disable_api_termination": false,
            "ebs_block_device": [],
            "ebs_optimized": false,
            "ephemeral_block_device": [],
            "get_password_data": false,
            "host_id": null,
            "iam_instance_profile": "",
            "id": "i-0ecfc96053fac398f",
            "instance_initiated_shutdown_behavior": null,
            "instance_state": "running",
            "instance_type": "t3a.large",
            "ipv6_address_count": 0,
            "ipv6_addresses": [],
            "key_name": "bootcamp",
            "monitoring": false,
            "network_interface": [],
            "network_interface_id": null,
            "password_data": "",
            "placement_group": "",
            "primary_network_interface_id": "eni-099482948db142f7e",
            "private_dns": "ip-172-30-22-230.us-west-2.compute.internal",
            "private_ip": "172.30.22.230",
            "public_dns": "ec2-34-221-165-149.us-west-2.compute.amazonaws.com",
            "public_ip": "34.221.165.149",
            "root_block_device": [
              {
                "delete_on_termination": true,
                "encrypted": false,
                "iops": 3000,
                "kms_key_id": "",
                "volume_id": "vol-06c94caebbbdab9d9",
                "volume_size": 1000,
                "volume_type": "gp2"
              }
            ],
            "security_groups": [],
            "source_dest_check": true,
            "subnet_id": "subnet-0b7590362ae2e19da",
            "tags": {
              "Name": "sek-broker-0-us-west-2a",
              "big-nice-name": "follower-kafka-0",
              "brokerid": "0",
              "createdBy": "terraform",
              "description": "broker nodes - Managed by Terraform",
              "nice-name": "kafka-0",
              "owner": "sek",
              "region": "us-west-2",
              "role": "broker",
              "role_region": "brokers-us-west-2",
              "sshUser": "ubuntu"
            },
            "tenancy": "default",
            "timeouts": null,
            "user_data": null,
            "user_data_base64": null,
            "volume_tags": {},
            "vpc_security_group_ids": [
              "sg-0391972943fdd1bb5",
              "sg-086857c30f12a4858"
            ]
          },
          "private": "eyJlMmJmYjczMC1lY2FhLTExZTYtOGY4OC0zNDM2M2JjN2M0YzAiOnsiY3JlYXRlIjo2MDAwMDAwMDAwMDAsImRlbGV0ZSI6MTIwMDAwMDAwMDAwMCwidXBkYXRlIjo2MDAwMDAwMDAwMDB9LCJzY2hlbWFfdmVyc2lvbiI6IjEifQ==",
          "depends_on": [
            "data.aws_ami.centos",
            "data.aws_availability_zones.available"
          ]
        },
        {
          "index_key": 1,
          "schema_version": 1,
          "attributes": {
            "ami": "ami-01ed306a12b7d1c96",
            "arn": "arn:aws:ec2:us-west-2:492737776546:instance/i-0036feeaff192f00d",
            "associate_public_ip_address": true,
            "availability_zone": "us-west-2a",
            "cpu_core_count": 1,
            "cpu_threads_per_core": 2,
            "credit_specification": [
              {
                "cpu_credits": "unlimited"
              }
            ],
            "disable_api_termination": false,
            "ebs_block_device": [],
            "ebs_optimized": false,
            "ephemeral_block_device": [],
            "get_password_data": false,
            "host_id": null,
            "iam_instance_profile": "",
            "id": "i-0036feeaff192f00d",
            "instance_initiated_shutdown_behavior": null,
            "instance_state": "running",
            "instance_type": "t3a.large",
            "ipv6_address_count": 0,
            "ipv6_addresses": [],
            "key_name": "bootcamp",
            "monitoring": false,
            "network_interface": [],
            "network_interface_id": null,
            "password_data": "",
            "placement_group": "",
            "primary_network_interface_id": "eni-0ff8f3792b25a8618",
            "private_dns": "ip-172-30-29-230.us-west-2.compute.internal",
            "private_ip": "172.30.29.230",
            "public_dns": "ec2-54-187-178-63.us-west-2.compute.amazonaws.com",
            "public_ip": "54.187.178.63",
            "root_block_device": [
              {
                "delete_on_termination": true,
                "encrypted": false,
                "iops": 3000,
                "kms_key_id": "",
                "volume_id": "vol-0c4709f821dc72f4d",
                "volume_size": 1000,
                "volume_type": "gp2"
              }
            ],
            "security_groups": [],
            "source_dest_check": true,
            "subnet_id": "subnet-0b7590362ae2e19da",
            "tags": {
              "Name": "sek-broker-1-us-west-2a",
              "big-nice-name": "follower-kafka-1",
              "brokerid": "1",
              "createdBy": "terraform",
              "description": "broker nodes - Managed by Terraform",
              "nice-name": "kafka-1",
              "owner": "sek",
              "region": "us-west-2",
              "role": "broker",
              "role_region": "brokers-us-west-2",
              "sshUser": "ubuntu"
            },
            "tenancy": "default",
            "timeouts": null,
            "user_data": null,
            "user_data_base64": null,
            "volume_tags": {},
            "vpc_security_group_ids": [
              "sg-0391972943fdd1bb5",
              "sg-086857c30f12a4858"
            ]
          },
          "private": "eyJlMmJmYjczMC1lY2FhLTExZTYtOGY4OC0zNDM2M2JjN2M0YzAiOnsiY3JlYXRlIjo2MDAwMDAwMDAwMDAsImRlbGV0ZSI6MTIwMDAwMDAwMDAwMCwidXBkYXRlIjo2MDAwMDAwMDAwMDB9LCJzY2hlbWFfdmVyc2lvbiI6IjEifQ==",
          "depends_on": [
            "data.aws_ami.centos"
          ]
        },
        {
          "index_key": 2,
          "schema_version": 1,
          "attributes": {
            "ami": "ami-01ed306a12b7d1c96",
            "arn": "arn:aws:ec2:us-west-2:492737776546:instance/i-0c7f61b020d1228df",
            "associate_public_ip_address": true,
            "availability_zone": "us-west-2a",
            "cpu_core_count": 1,
            "cpu_threads_per_core": 2,
            "credit_specification": [
              {
                "cpu_credits": "unlimited"
              }
            ],
            "disable_api_termination": false,
            "ebs_block_device": [],
            "ebs_optimized": false,
            "ephemeral_block_device": [],
            "get_password_data": false,
            "host_id": null,
            "iam_instance_profile": "",
            "id": "i-0c7f61b020d1228df",
            "instance_initiated_shutdown_behavior": null,
            "instance_state": "running",
            "instance_type": "t3a.large",
            "ipv6_address_count": 0,
            "ipv6_addresses": [],
            "key_name": "bootcamp",
            "monitoring": false,
            "network_interface": [],
            "network_interface_id": null,
            "password_data": "",
            "placement_group": "",
            "primary_network_interface_id": "eni-0855e951a70a885d8",
            "private_dns": "ip-172-30-28-97.us-west-2.compute.internal",
            "private_ip": "172.30.28.97",
            "public_dns": "ec2-34-218-251-46.us-west-2.compute.amazonaws.com",
            "public_ip": "34.218.251.46",
            "root_block_device": [
              {
                "delete_on_termination": true,
                "encrypted": false,
                "iops": 3000,
                "kms_key_id": "",
                "volume_id": "vol-0ce71945affcd3925",
                "volume_size": 1000,
                "volume_type": "gp2"
              }
            ],
            "security_groups": [],
            "source_dest_check": true,
            "subnet_id": "subnet-0b7590362ae2e19da",
            "tags": {
              "Name": "sek-broker-2-us-west-2a",
              "big-nice-name": "follower-kafka-2",
              "brokerid": "2",
              "createdBy": "terraform",
              "description": "broker nodes - Managed by Terraform",
              "nice-name": "kafka-2",
              "owner": "sek",
              "region": "us-west-2",
              "role": "broker",
              "role_region": "brokers-us-west-2",
              "sshUser": "ubuntu"
            },
            "tenancy": "default",
            "timeouts": null,
            "user_data": null,
            "user_data_base64": null,
            "volume_tags": {},
            "vpc_security_group_ids": [
              "sg-0391972943fdd1bb5",
              "sg-086857c30f12a4858"
            ]
          },
          "private": "eyJlMmJmYjczMC1lY2FhLTExZTYtOGY4OC0zNDM2M2JjN2M0YzAiOnsiY3JlYXRlIjo2MDAwMDAwMDAwMDAsImRlbGV0ZSI6MTIwMDAwMDAwMDAwMCwidXBkYXRlIjo2MDAwMDAwMDAwMDB9LCJzY2hlbWFfdmVyc2lvbiI6IjEifQ==",
          "depends_on": [
            "data.aws_ami.centos"
          ]
        }
      ]
    },
    {
      "mode": "managed",
      "type": "aws_instance",
      "name": "connect-cluster",
      "each": "list",
      "provider": "provider.aws",
      "instances": [
        {
          "index_key": 0,
          "schema_version": 1,
          "attributes": {
            "ami": "ami-01ed306a12b7d1c96",
            "arn": "arn:aws:ec2:us-west-2:492737776546:instance/i-0a78e5731c7325172",
            "associate_public_ip_address": true,
            "availability_zone": "us-west-2a",
            "cpu_core_count": 1,
            "cpu_threads_per_core": 2,
            "credit_specification": [
              {
                "cpu_credits": "unlimited"
              }
            ],
            "disable_api_termination": false,
            "ebs_block_device": [],
            "ebs_optimized": false,
            "ephemeral_block_device": [],
            "get_password_data": false,
            "host_id": null,
            "iam_instance_profile": "",
            "id": "i-0a78e5731c7325172",
            "instance_initiated_shutdown_behavior": null,
            "instance_state": "running",
            "instance_type": "t3a.large",
            "ipv6_address_count": 0,
            "ipv6_addresses": [],
            "key_name": "bootcamp",
            "monitoring": false,
            "network_interface": [],
            "network_interface_id": null,
            "password_data": "",
            "placement_group": "",
            "primary_network_interface_id": "eni-0d1a3b4131ee3a70c",
            "private_dns": "ip-172-30-31-137.us-west-2.compute.internal",
            "private_ip": "172.30.31.137",
            "public_dns": "ec2-18-236-72-32.us-west-2.compute.amazonaws.com",
            "public_ip": "18.236.72.32",
            "root_block_device": [
              {
                "delete_on_termination": false,
                "encrypted": false,
                "iops": 100,
                "kms_key_id": "",
                "volume_id": "vol-037e57ae496750f33",
                "volume_size": 8,
                "volume_type": "gp2"
              }
            ],
            "security_groups": [],
            "source_dest_check": true,
            "subnet_id": "subnet-0b7590362ae2e19da",
            "tags": {
              "Name": "sek-connect-0-us-west-2a",
              "Owner": "sek",
              "description": "Connect nodes - Managed by Terraform",
              "region": "us-west-2",
              "role": "connect",
              "role_region": "connect-us-west-2",
              "sshUser": "ubuntu"
            },
            "tenancy": "default",
            "timeouts": null,
            "user_data": null,
            "user_data_base64": null,
            "volume_tags": {},
            "vpc_security_group_ids": [
              "sg-0391972943fdd1bb5",
              "sg-086857c30f12a4858"
            ]
          },
          "private": "eyJlMmJmYjczMC1lY2FhLTExZTYtOGY4OC0zNDM2M2JjN2M0YzAiOnsiY3JlYXRlIjo2MDAwMDAwMDAwMDAsImRlbGV0ZSI6MTIwMDAwMDAwMDAwMCwidXBkYXRlIjo2MDAwMDAwMDAwMDB9LCJzY2hlbWFfdmVyc2lvbiI6IjEifQ==",
          "depends_on": [
            "data.aws_ami.centos"
          ]
        }
      ]
    },
    {
      "mode": "managed",
      "type": "aws_instance",
      "name": "control-center",
      "each": "list",
      "provider": "provider.aws",
      "instances": [
        {
          "index_key": 0,
          "schema_version": 1,
          "attributes": {
            "ami": "ami-01ed306a12b7d1c96",
            "arn": "arn:aws:ec2:us-west-2:492737776546:instance/i-00cf66927b56ec696",
            "associate_public_ip_address": true,
            "availability_zone": "us-west-2a",
            "cpu_core_count": 1,
            "cpu_threads_per_core": 2,
            "credit_specification": [
              {
                "cpu_credits": "unlimited"
              }
            ],
            "disable_api_termination": false,
            "ebs_block_device": [],
            "ebs_optimized": false,
            "ephemeral_block_device": [],
            "get_password_data": false,
            "host_id": null,
            "iam_instance_profile": "",
            "id": "i-00cf66927b56ec696",
            "instance_initiated_shutdown_behavior": null,
            "instance_state": "running",
            "instance_type": "t3a.large",
            "ipv6_address_count": 0,
            "ipv6_addresses": [],
            "key_name": "bootcamp",
            "monitoring": false,
            "network_interface": [],
            "network_interface_id": null,
            "password_data": "",
            "placement_group": "",
            "primary_network_interface_id": "eni-0c4f59ea8a5e58a17",
            "private_dns": "ip-172-30-16-78.us-west-2.compute.internal",
            "private_ip": "172.30.16.78",
            "public_dns": "ec2-18-237-81-247.us-west-2.compute.amazonaws.com",
            "public_ip": "18.237.81.247",
            "root_block_device": [
              {
                "delete_on_termination": false,
                "encrypted": false,
                "iops": 100,
                "kms_key_id": "",
                "volume_id": "vol-0f0cd3c48f5a7c093",
                "volume_size": 8,
                "volume_type": "gp2"
              }
            ],
            "security_groups": [],
            "source_dest_check": true,
            "subnet_id": "subnet-0b7590362ae2e19da",
            "tags": {
              "Name": "sek-control-center-0-us-west-2a",
              "Owner": "sek",
              "description": "Control Center nodes - Managed by Terraform",
              "region": "us-west-2",
              "role": "schema",
              "role_region": "schema-us-west-2",
              "sshUser": "ubuntu"
            },
            "tenancy": "default",
            "timeouts": null,
            "user_data": null,
            "user_data_base64": null,
            "volume_tags": {},
            "vpc_security_group_ids": [
              "sg-0391972943fdd1bb5",
              "sg-086857c30f12a4858"
            ]
          },
          "private": "eyJlMmJmYjczMC1lY2FhLTExZTYtOGY4OC0zNDM2M2JjN2M0YzAiOnsiY3JlYXRlIjo2MDAwMDAwMDAwMDAsImRlbGV0ZSI6MTIwMDAwMDAwMDAwMCwidXBkYXRlIjo2MDAwMDAwMDAwMDB9LCJzY2hlbWFfdmVyc2lvbiI6IjEifQ==",
          "depends_on": [
            "data.aws_ami.centos"
          ]
        }
      ]
    },
    {
      "mode": "managed",
      "type": "aws_instance",
      "name": "rest",
      "each": "list",
      "provider": "provider.aws",
      "instances": [
        {
          "index_key": 0,
          "schema_version": 1,
          "attributes": {
            "ami": "ami-01ed306a12b7d1c96",
            "arn": "arn:aws:ec2:us-west-2:492737776546:instance/i-01c8c920e569d75e1",
            "associate_public_ip_address": true,
            "availability_zone": "us-west-2a",
            "cpu_core_count": 1,
            "cpu_threads_per_core": 2,
            "credit_specification": [
              {
                "cpu_credits": "unlimited"
              }
            ],
            "disable_api_termination": false,
            "ebs_block_device": [],
            "ebs_optimized": false,
            "ephemeral_block_device": [],
            "get_password_data": false,
            "host_id": null,
            "iam_instance_profile": "",
            "id": "i-01c8c920e569d75e1",
            "instance_initiated_shutdown_behavior": null,
            "instance_state": "running",
            "instance_type": "t3a.large",
            "ipv6_address_count": 0,
            "ipv6_addresses": [],
            "key_name": "bootcamp",
            "monitoring": false,
            "network_interface": [],
            "network_interface_id": null,
            "password_data": "",
            "placement_group": "",
            "primary_network_interface_id": "eni-05bdaa870454cd73b",
            "private_dns": "ip-172-30-16-19.us-west-2.compute.internal",
            "private_ip": "172.30.16.19",
            "public_dns": "ec2-34-219-77-37.us-west-2.compute.amazonaws.com",
            "public_ip": "34.219.77.37",
            "root_block_device": [
              {
                "delete_on_termination": false,
                "encrypted": false,
                "iops": 100,
                "kms_key_id": "",
                "volume_id": "vol-09d9718706e3d0cf2",
                "volume_size": 8,
                "volume_type": "gp2"
              }
            ],
            "security_groups": [],
            "source_dest_check": true,
            "subnet_id": "subnet-0b7590362ae2e19da",
            "tags": {
              "Name": "sek-rest-0-us-west-2a",
              "Owner": "sek",
              "description": "Rest nodes - Managed by Terraform",
              "region": "us-west-2",
              "role": "schema",
              "role_region": "schema-us-west-2",
              "sshUser": "ubuntu"
            },
            "tenancy": "default",
            "timeouts": null,
            "user_data": null,
            "user_data_base64": null,
            "volume_tags": {},
            "vpc_security_group_ids": [
              "sg-0391972943fdd1bb5",
              "sg-086857c30f12a4858"
            ]
          },
          "private": "eyJlMmJmYjczMC1lY2FhLTExZTYtOGY4OC0zNDM2M2JjN2M0YzAiOnsiY3JlYXRlIjo2MDAwMDAwMDAwMDAsImRlbGV0ZSI6MTIwMDAwMDAwMDAwMCwidXBkYXRlIjo2MDAwMDAwMDAwMDB9LCJzY2hlbWFfdmVyc2lvbiI6IjEifQ==",
          "depends_on": [
            "data.aws_ami.centos"
          ]
        }
      ]
    },
    {
      "mode": "managed",
      "type": "aws_instance",
      "name": "schema",
      "each": "list",
      "provider": "provider.aws",
      "instances": [
        {
          "index_key": 0,
          "schema_version": 1,
          "attributes": {
            "ami": "ami-01ed306a12b7d1c96",
            "arn": "arn:aws:ec2:us-west-2:492737776546:instance/i-0d0785e434b973ceb",
            "associate_public_ip_address": true,
            "availability_zone": "us-west-2a",
            "cpu_core_count": 1,
            "cpu_threads_per_core": 2,
            "credit_specification": [
              {
                "cpu_credits": "unlimited"
              }
            ],
            "disable_api_termination": false,
            "ebs_block_device": [],
            "ebs_optimized": false,
            "ephemeral_block_device": [],
            "get_password_data": false,
            "host_id": null,
            "iam_instance_profile": "",
            "id": "i-0d0785e434b973ceb",
            "instance_initiated_shutdown_behavior": null,
            "instance_state": "running",
            "instance_type": "t3a.large",
            "ipv6_address_count": 0,
            "ipv6_addresses": [],
            "key_name": "bootcamp",
            "monitoring": false,
            "network_interface": [],
            "network_interface_id": null,
            "password_data": "",
            "placement_group": "",
            "primary_network_interface_id": "eni-093a6c11a8389a0a1",
            "private_dns": "ip-172-30-19-36.us-west-2.compute.internal",
            "private_ip": "172.30.19.36",
            "public_dns": "ec2-54-213-58-151.us-west-2.compute.amazonaws.com",
            "public_ip": "54.213.58.151",
            "root_block_device": [
              {
                "delete_on_termination": false,
                "encrypted": false,
                "iops": 100,
                "kms_key_id": "",
                "volume_id": "vol-0d3d02ed8c3c0c4fa",
                "volume_size": 8,
                "volume_type": "gp2"
              }
            ],
            "security_groups": [],
            "source_dest_check": true,
            "subnet_id": "subnet-0b7590362ae2e19da",
            "tags": {
              "Name": "sek-schema-0-us-west-2a",
              "Owner": "sek",
              "description": "Schema nodes - Managed by Terraform",
              "region": "us-west-2",
              "role": "schema",
              "role_region": "schema-us-west-2",
              "sshUser": "ubuntu"
            },
            "tenancy": "default",
            "timeouts": null,
            "user_data": null,
            "user_data_base64": null,
            "volume_tags": {},
            "vpc_security_group_ids": [
              "sg-0391972943fdd1bb5",
              "sg-086857c30f12a4858"
            ]
          },
          "private": "eyJlMmJmYjczMC1lY2FhLTExZTYtOGY4OC0zNDM2M2JjN2M0YzAiOnsiY3JlYXRlIjo2MDAwMDAwMDAwMDAsImRlbGV0ZSI6MTIwMDAwMDAwMDAwMCwidXBkYXRlIjo2MDAwMDAwMDAwMDB9LCJzY2hlbWFfdmVyc2lvbiI6IjEifQ==",
          "depends_on": [
            "data.aws_ami.centos"
          ]
        }
      ]
    },
    {
      "mode": "managed",
      "type": "aws_instance",
      "name": "zookeepers",
      "each": "list",
      "provider": "provider.aws",
      "instances": [
        {
          "index_key": 0,
          "schema_version": 1,
          "attributes": {
            "ami": "ami-01ed306a12b7d1c96",
            "arn": "arn:aws:ec2:us-west-2:492737776546:instance/i-0efff9e55b6e3b468",
            "associate_public_ip_address": true,
            "availability_zone": "us-west-2a",
            "cpu_core_count": 1,
            "cpu_threads_per_core": 2,
            "credit_specification": [
              {
                "cpu_credits": "unlimited"
              }
            ],
            "disable_api_termination": false,
            "ebs_block_device": [],
            "ebs_optimized": false,
            "ephemeral_block_device": [],
            "get_password_data": false,
            "host_id": null,
            "iam_instance_profile": "",
            "id": "i-0efff9e55b6e3b468",
            "instance_initiated_shutdown_behavior": null,
            "instance_state": "running",
            "instance_type": "t3a.large",
            "ipv6_address_count": 0,
            "ipv6_addresses": [],
            "key_name": "bootcamp",
            "monitoring": false,
            "network_interface": [],
            "network_interface_id": null,
            "password_data": "",
            "placement_group": "",
            "primary_network_interface_id": "eni-049b8b3b3d2b67db8",
            "private_dns": "ip-172-30-30-90.us-west-2.compute.internal",
            "private_ip": "172.30.30.90",
            "public_dns": "ec2-52-24-88-51.us-west-2.compute.amazonaws.com",
            "public_ip": "52.24.88.51",
            "root_block_device": [
              {
                "delete_on_termination": false,
                "encrypted": false,
                "iops": 100,
                "kms_key_id": "",
                "volume_id": "vol-086ed103da898f8fe",
                "volume_size": 8,
                "volume_type": "gp2"
              }
            ],
            "security_groups": [],
            "source_dest_check": true,
            "subnet_id": "subnet-0b7590362ae2e19da",
            "tags": {
              "Name": "sek-zookeeper-0-us-west-2a",
              "Owner": "sek",
              "description": "zookeeper nodes - Managed by Terraform",
              "region": "us-west-2",
              "role": "zookeeper",
              "role_region": "zookeepers-us-west-2",
              "sshUser": "centos",
              "zookeeperid": "0"
            },
            "tenancy": "default",
            "timeouts": null,
            "user_data": null,
            "user_data_base64": null,
            "volume_tags": {},
            "vpc_security_group_ids": [
              "sg-0391972943fdd1bb5",
              "sg-086857c30f12a4858"
            ]
          },
          "private": "eyJlMmJmYjczMC1lY2FhLTExZTYtOGY4OC0zNDM2M2JjN2M0YzAiOnsiY3JlYXRlIjo2MDAwMDAwMDAwMDAsImRlbGV0ZSI6MTIwMDAwMDAwMDAwMCwidXBkYXRlIjo2MDAwMDAwMDAwMDB9LCJzY2hlbWFfdmVyc2lvbiI6IjEifQ==",
          "depends_on": [
            "data.aws_ami.centos",
            "data.aws_availability_zones.available"
          ]
        },
        {
          "index_key": 1,
          "schema_version": 1,
          "attributes": {
            "ami": "ami-01ed306a12b7d1c96",
            "arn": "arn:aws:ec2:us-west-2:492737776546:instance/i-06c11ca16672f1879",
            "associate_public_ip_address": true,
            "availability_zone": "us-west-2a",
            "cpu_core_count": 1,
            "cpu_threads_per_core": 2,
            "credit_specification": [
              {
                "cpu_credits": "unlimited"
              }
            ],
            "disable_api_termination": false,
            "ebs_block_device": [],
            "ebs_optimized": false,
            "ephemeral_block_device": [],
            "get_password_data": false,
            "host_id": null,
            "iam_instance_profile": "",
            "id": "i-06c11ca16672f1879",
            "instance_initiated_shutdown_behavior": null,
            "instance_state": "running",
            "instance_type": "t3a.large",
            "ipv6_address_count": 0,
            "ipv6_addresses": [],
            "key_name": "bootcamp",
            "monitoring": false,
            "network_interface": [],
            "network_interface_id": null,
            "password_data": "",
            "placement_group": "",
            "primary_network_interface_id": "eni-01bb9a4f05c120de9",
            "private_dns": "ip-172-30-25-26.us-west-2.compute.internal",
            "private_ip": "172.30.25.26",
            "public_dns": "ec2-52-26-32-21.us-west-2.compute.amazonaws.com",
            "public_ip": "52.26.32.21",
            "root_block_device": [
              {
                "delete_on_termination": false,
                "encrypted": false,
                "iops": 100,
                "kms_key_id": "",
                "volume_id": "vol-04500ebabf488b99f",
                "volume_size": 8,
                "volume_type": "gp2"
              }
            ],
            "security_groups": [],
            "source_dest_check": true,
            "subnet_id": "subnet-0b7590362ae2e19da",
            "tags": {
              "Name": "sek-zookeeper-1-us-west-2a",
              "Owner": "sek",
              "description": "zookeeper nodes - Managed by Terraform",
              "region": "us-west-2",
              "role": "zookeeper",
              "role_region": "zookeepers-us-west-2",
              "sshUser": "centos",
              "zookeeperid": "1"
            },
            "tenancy": "default",
            "timeouts": null,
            "user_data": null,
            "user_data_base64": null,
            "volume_tags": {},
            "vpc_security_group_ids": [
              "sg-0391972943fdd1bb5",
              "sg-086857c30f12a4858"
            ]
          },
          "private": "eyJlMmJmYjczMC1lY2FhLTExZTYtOGY4OC0zNDM2M2JjN2M0YzAiOnsiY3JlYXRlIjo2MDAwMDAwMDAwMDAsImRlbGV0ZSI6MTIwMDAwMDAwMDAwMCwidXBkYXRlIjo2MDAwMDAwMDAwMDB9LCJzY2hlbWFfdmVyc2lvbiI6IjEifQ==",
          "depends_on": [
            "data.aws_ami.centos"
          ]
        },
        {
          "index_key": 2,
          "schema_version": 1,
          "attributes": {
            "ami": "ami-01ed306a12b7d1c96",
            "arn": "arn:aws:ec2:us-west-2:492737776546:instance/i-006503a506a626d35",
            "associate_public_ip_address": true,
            "availability_zone": "us-west-2a",
            "cpu_core_count": 1,
            "cpu_threads_per_core": 2,
            "credit_specification": [
              {
                "cpu_credits": "unlimited"
              }
            ],
            "disable_api_termination": false,
            "ebs_block_device": [],
            "ebs_optimized": false,
            "ephemeral_block_device": [],
            "get_password_data": false,
            "host_id": null,
            "iam_instance_profile": "",
            "id": "i-006503a506a626d35",
            "instance_initiated_shutdown_behavior": null,
            "instance_state": "running",
            "instance_type": "t3a.large",
            "ipv6_address_count": 0,
            "ipv6_addresses": [],
            "key_name": "bootcamp",
            "monitoring": false,
            "network_interface": [],
            "network_interface_id": null,
            "password_data": "",
            "placement_group": "",
            "primary_network_interface_id": "eni-05495fac4a96dc273",
            "private_dns": "ip-172-30-25-181.us-west-2.compute.internal",
            "private_ip": "172.30.25.181",
            "public_dns": "ec2-18-237-83-227.us-west-2.compute.amazonaws.com",
            "public_ip": "18.237.83.227",
            "root_block_device": [
              {
                "delete_on_termination": false,
                "encrypted": false,
                "iops": 100,
                "kms_key_id": "",
                "volume_id": "vol-00e1e9a357ae912a6",
                "volume_size": 8,
                "volume_type": "gp2"
              }
            ],
            "security_groups": [],
            "source_dest_check": true,
            "subnet_id": "subnet-0b7590362ae2e19da",
            "tags": {
              "Name": "sek-zookeeper-2-us-west-2a",
              "Owner": "sek",
              "description": "zookeeper nodes - Managed by Terraform",
              "region": "us-west-2",
              "role": "zookeeper",
              "role_region": "zookeepers-us-west-2",
              "sshUser": "centos",
              "zookeeperid": "2"
            },
            "tenancy": "default",
            "timeouts": null,
            "user_data": null,
            "user_data_base64": null,
            "volume_tags": {},
            "vpc_security_group_ids": [
              "sg-0391972943fdd1bb5",
              "sg-086857c30f12a4858"
            ]
          },
          "private": "eyJlMmJmYjczMC1lY2FhLTExZTYtOGY4OC0zNDM2M2JjN2M0YzAiOnsiY3JlYXRlIjo2MDAwMDAwMDAwMDAsImRlbGV0ZSI6MTIwMDAwMDAwMDAwMCwidXBkYXRlIjo2MDAwMDAwMDAwMDB9LCJzY2hlbWFfdmVyc2lvbiI6IjEifQ==",
          "depends_on": [
            "data.aws_ami.centos"
          ]
        }
      ]
    }
  ]
}
